
Microsoft Visual Studio Solution File, Format Version 12.00
# Visual Studio Version 17
VisualStudioVersion = 17.2.32630.192
MinimumVisualStudioVersion = 10.0.40219.1
Project("{FAE04EC0-301F-11D3-BF4B-00C04F79EFBC}") = "BankAccount", "BankAccount\BankAccount.csproj", "{292D36CC-2A6E-4D7A-9924-F2EC24661483}"
EndProject
Project("{FAE04EC0-301F-11D3-BF4B-00C04F79EFBC}") = "BankAccountTests", "BankAccountTests\BankAccountTests.csproj", "{A7920C5A-E9DE-431D-A579-B6F91F7CB669}"
EndProject
Global
	GlobalSection(SolutionConfigurationPlatforms) = preSolution
		Debug|Any CPU = Debug|Any CPU
		Release|Any CPU = Release|Any CPU
	EndGlobalSection
	GlobalSection(ProjectConfigurationPlatforms) = postSolution
		{292D36CC-2A6E-4D7A-9924-F2EC24661483}.Debug|Any CPU.ActiveCfg = Debug|Any CPU
		{292D36CC-2A6E-4D7A-9924-F2EC24661483}.Debug|Any CPU.Build.0 = Debug|Any CPU
		{292D36CC-2A6E-4D7A-9924-F2EC24661483}.Release|Any CPU.ActiveCfg = Release|Any CPU
		{292D36CC-2A6E-4D7A-9924-F2EC24661483}.Release|Any CPU.Build.0 = Release|Any CPU
		{A7920C5A-E9DE-431D-A579-B6F91F7CB669}.Debug|Any CPU.ActiveCfg = Debug|Any CPU
		{A7920C5A-E9DE-431D-A579-B6F91F7CB669}.Debug|Any CPU.Build.0 = Debug|Any CPU
		{A7920C5A-E9DE-431D-A579-B6F91F7CB669}.Release|Any CPU.ActiveCfg = Release|Any CPU
		{A7920C5A-E9DE-431D-A579-B6F91F7CB669}.Release|Any CPU.Build.0 = Release|Any CPU
	EndGlobalSection
	GlobalSection(SolutionProperties) = preSolution
		HideSolutionNode = FALSE
	EndGlobalSection
	GlobalSection(ExtensibilityGlobals) = postSolution
		SolutionGuid = {1CA38700-45F7-4DBF-AF7F-4EF3A7E80B02}
	EndGlobalSection
EndGlobal
